# This file is automatically generated by cargo-component.
# It is not intended for manual editing.
version = 1

[[package]]
id = "wasi:cli"

[[package.version]]
requirement = "^0.2.0-rc"
version = "0.2.0-rc+20230901"
digest = "sha256:1bb389638a3805487c5ba546fff24d0800185e213e98aba4810525a7be295c22"
