# This file is automatically generated by cargo-component.
# It is not intended for manual editing.
version = 1

[[package]]
id = "wasi:random"

[[package.version]]
requirement = "^0.2.0-rc"
version = "0.2.0-rc+20230901"
digest = "sha256:5ab47a6b228987c4f9fe54bcd8a6fc2a9e7885da1358b617200dc383b6eb8ae7"
